# This file is automatically @generated by Cargo.
# It is not intended for manual editing.
[[package]]
name = "bytemuck"
version = "1.5.1"
source = "registry+https://github.com/rust-lang/crates.io-index"
checksum = "bed57e2090563b83ba8f83366628ce535a7584c9afa4c9fc0612a03925c6df58"

[[package]]
name = "nbabel"
version = "0.1.0"
dependencies = [
 "wide",
]

[[package]]
name = "safe_arch"
version = "0.5.2"
source = "registry+https://github.com/rust-lang/crates.io-index"
checksum = "c1ff3d6d9696af502cc3110dacce942840fb06ff4514cad92236ecc455f2ce05"
dependencies = [
 "bytemuck",
]

[[package]]
name = "wide"
version = "0.6.4"
source = "registry+https://github.com/rust-lang/crates.io-index"
checksum = "2c51f160ef6333906fad7d31a2010d449148dd1a26bc377e0a1ace2cc9e1e1ee"
dependencies = [
 "bytemuck",
 "safe_arch",
]
